
Microsoft Visual Studio Solution File, Format Version 12.00
# Visual Studio Version 17
VisualStudioVersion = 17.7.34024.191
MinimumVisualStudioVersion = 10.0.40219.1
Project("{9A19103F-16F7-4668-BE54-9A1E7A4F7556}") = "TimeBlockPlanner", "TimeBlockPlanner\TimeBlockPlanner.csproj", "{10626211-4AC1-4108-AE22-A2BA3BF3A202}"
EndProject
Project("{9A19103F-16F7-4668-BE54-9A1E7A4F7556}") = "UserData", "UserData\UserData.csproj", "{745643D3-F74B-4F65-A9AF-B2C868B3072C}"
EndProject
Project("{2150E333-8FDC-42A3-9474-1A3956D46DE8}") = "Solution Items", "Solution Items", "{9B8C885B-F1CC-4844-B230-CF69F2419CA1}"
	ProjectSection(SolutionItems) = preProject
		RebuildDatabase.ps1 = RebuildDatabase.ps1
	EndProjectSection
EndProject
Project("{2150E333-8FDC-42A3-9474-1A3956D46DE8}") = "Scripts", "Scripts", "{A5106CC9-91B7-4441-8483-5C34BFA57FE8}"
EndProject
Global
	GlobalSection(SolutionConfigurationPlatforms) = preSolution
		Debug|Any CPU = Debug|Any CPU
		Release|Any CPU = Release|Any CPU
	EndGlobalSection
	GlobalSection(ProjectConfigurationPlatforms) = postSolution
		{10626211-4AC1-4108-AE22-A2BA3BF3A202}.Debug|Any CPU.ActiveCfg = Debug|Any CPU
		{10626211-4AC1-4108-AE22-A2BA3BF3A202}.Debug|Any CPU.Build.0 = Debug|Any CPU
		{10626211-4AC1-4108-AE22-A2BA3BF3A202}.Release|Any CPU.ActiveCfg = Release|Any CPU
		{10626211-4AC1-4108-AE22-A2BA3BF3A202}.Release|Any CPU.Build.0 = Release|Any CPU
		{745643D3-F74B-4F65-A9AF-B2C868B3072C}.Debug|Any CPU.ActiveCfg = Debug|Any CPU
		{745643D3-F74B-4F65-A9AF-B2C868B3072C}.Debug|Any CPU.Build.0 = Debug|Any CPU
		{745643D3-F74B-4F65-A9AF-B2C868B3072C}.Release|Any CPU.ActiveCfg = Release|Any CPU
		{745643D3-F74B-4F65-A9AF-B2C868B3072C}.Release|Any CPU.Build.0 = Release|Any CPU
	EndGlobalSection
	GlobalSection(SolutionProperties) = preSolution
		HideSolutionNode = FALSE
	EndGlobalSection
	GlobalSection(NestedProjects) = preSolution
		{A5106CC9-91B7-4441-8483-5C34BFA57FE8} = {9B8C885B-F1CC-4844-B230-CF69F2419CA1}
	EndGlobalSection
	GlobalSection(ExtensibilityGlobals) = postSolution
		SolutionGuid = {4E0AD6C7-CA1D-4C1D-84DB-D8E5AAE9BEB6}
	EndGlobalSection
EndGlobal
