
Microsoft Visual Studio Solution File, Format Version 12.00
# Visual Studio Version 17
VisualStudioVersion = 17.7.34024.191
MinimumVisualStudioVersion = 10.0.40219.1
Project("{9A19103F-16F7-4668-BE54-9A1E7A4F7556}") = "TimeBlockPlanner", "TimeBlockPlanner\TimeBlockPlanner.csproj", "{10626211-4AC1-4108-AE22-A2BA3BF3A202}"
EndProject
Project("{FAE04EC0-301F-11D3-BF4B-00C04F79EFBC}") = "TimeBlockData", "TimeBlockData\TimeBlockData.csproj", "{597FBB2D-9C3A-4D25-A0EA-62782BE3EDBF}"
EndProject
Global
	GlobalSection(SolutionConfigurationPlatforms) = preSolution
		Debug|Any CPU = Debug|Any CPU
		Release|Any CPU = Release|Any CPU
	EndGlobalSection
	GlobalSection(ProjectConfigurationPlatforms) = postSolution
		{10626211-4AC1-4108-AE22-A2BA3BF3A202}.Debug|Any CPU.ActiveCfg = Debug|Any CPU
		{10626211-4AC1-4108-AE22-A2BA3BF3A202}.Debug|Any CPU.Build.0 = Debug|Any CPU
		{10626211-4AC1-4108-AE22-A2BA3BF3A202}.Release|Any CPU.ActiveCfg = Release|Any CPU
		{10626211-4AC1-4108-AE22-A2BA3BF3A202}.Release|Any CPU.Build.0 = Release|Any CPU
		{597FBB2D-9C3A-4D25-A0EA-62782BE3EDBF}.Debug|Any CPU.ActiveCfg = Debug|Any CPU
		{597FBB2D-9C3A-4D25-A0EA-62782BE3EDBF}.Debug|Any CPU.Build.0 = Debug|Any CPU
		{597FBB2D-9C3A-4D25-A0EA-62782BE3EDBF}.Release|Any CPU.ActiveCfg = Release|Any CPU
		{597FBB2D-9C3A-4D25-A0EA-62782BE3EDBF}.Release|Any CPU.Build.0 = Release|Any CPU
	EndGlobalSection
	GlobalSection(SolutionProperties) = preSolution
		HideSolutionNode = FALSE
	EndGlobalSection
	GlobalSection(ExtensibilityGlobals) = postSolution
		SolutionGuid = {4E0AD6C7-CA1D-4C1D-84DB-D8E5AAE9BEB6}
	EndGlobalSection
EndGlobal
